
Microsoft Visual Studio Solution File, Format Version 12.00
# Visual Studio Version 16
VisualStudioVersion = 16.0.31424.327
MinimumVisualStudioVersion = 10.0.40219.1
Project("{FAE04EC0-301F-11D3-BF4B-00C04F79EFBC}") = "stack and queue", "stack and queue.csproj", "{B4713A1E-5B72-4678-B83A-7BBFF386F81A}"
EndProject
Global
	GlobalSection(SolutionConfigurationPlatforms) = preSolution
		Debug|Any CPU = Debug|Any CPU
		Release|Any CPU = Release|Any CPU
	EndGlobalSection
	GlobalSection(ProjectConfigurationPlatforms) = postSolution
		{B4713A1E-5B72-4678-B83A-7BBFF386F81A}.Debug|Any CPU.ActiveCfg = Debug|Any CPU
		{B4713A1E-5B72-4678-B83A-7BBFF386F81A}.Debug|Any CPU.Build.0 = Debug|Any CPU
		{B4713A1E-5B72-4678-B83A-7BBFF386F81A}.Release|Any CPU.ActiveCfg = Release|Any CPU
		{B4713A1E-5B72-4678-B83A-7BBFF386F81A}.Release|Any CPU.Build.0 = Release|Any CPU
	EndGlobalSection
	GlobalSection(SolutionProperties) = preSolution
		HideSolutionNode = FALSE
	EndGlobalSection
	GlobalSection(ExtensibilityGlobals) = postSolution
		SolutionGuid = {0880BDFB-7715-4054-8825-293407379774}
	EndGlobalSection
EndGlobal
